{
    "name": "markdeeper",
    "version": "0.1",
    "lockfileVersion": 3,
    "requires": true,
    "packages": {
        "": {
            "name": "markdeeper",
            "version": "0.1",
            "license": "BSD 2-Clause",
            "dependencies": {
                "highlight.js": "^11.9.0",
                "mathjax": "^3.2.2"
            }
        },
        "node_modules/highlight.js": {
            "version": "11.9.0",
            "resolved": "https://registry.npmjs.org/highlight.js/-/highlight.js-11.9.0.tgz",
            "integrity": "sha512-fJ7cW7fQGCYAkgv4CPfwFHrfd/cLS4Hau96JuJ+ZTOWhjnhoeN1ub1tFmALm/+lW5z4WCAuAV9bm05AP0mS6Gw==",
            "engines": {
                "node": ">=12.0.0"
            }
        },
        "node_modules/mathjax": {
            "version": "3.2.2",
            "resolved": "https://registry.npmjs.org/mathjax/-/mathjax-3.2.2.tgz",
            "integrity": "sha512-Bt+SSVU8eBG27zChVewOicYs7Xsdt40qm4+UpHyX7k0/O9NliPc+x77k1/FEsPsjKPZGJvtRZM1vO+geW0OhGw=="
        }
    }
}
